
Microsoft Visual Studio Solution File, Format Version 12.00
# Visual Studio Version 17
VisualStudioVersion = 17.9.34622.214
MinimumVisualStudioVersion = 10.0.40219.1
Project("{FAE04EC0-301F-11D3-BF4B-00C04F79EFBC}") = "DecoratorDesignPattern", "DecoratorDesignPattern\DecoratorDesignPattern.csproj", "{2F6905C1-0DC6-4EF1-A22B-7C70FCBAF891}"
EndProject
Global
	GlobalSection(SolutionConfigurationPlatforms) = preSolution
		Debug|Any CPU = Debug|Any CPU
		Release|Any CPU = Release|Any CPU
	EndGlobalSection
	GlobalSection(ProjectConfigurationPlatforms) = postSolution
		{2F6905C1-0DC6-4EF1-A22B-7C70FCBAF891}.Debug|Any CPU.ActiveCfg = Debug|Any CPU
		{2F6905C1-0DC6-4EF1-A22B-7C70FCBAF891}.Debug|Any CPU.Build.0 = Debug|Any CPU
		{2F6905C1-0DC6-4EF1-A22B-7C70FCBAF891}.Release|Any CPU.ActiveCfg = Release|Any CPU
		{2F6905C1-0DC6-4EF1-A22B-7C70FCBAF891}.Release|Any CPU.Build.0 = Release|Any CPU
	EndGlobalSection
	GlobalSection(SolutionProperties) = preSolution
		HideSolutionNode = FALSE
	EndGlobalSection
	GlobalSection(ExtensibilityGlobals) = postSolution
		SolutionGuid = {BE7FC671-28C2-4B32-9CA3-4BDC33387671}
	EndGlobalSection
EndGlobal
